// !$*UTF8*$!
{
	archiveVersion = 1;
	classes = {
	};
	objectVersion = 50;
	objects = {

/* Begin PBXBuildFile section */
		B442F0B521540D2B002473DC /* AppDelegate.swift in Sources */ = {isa = PBXBuildFile; fileRef = B442F0B421540D2B002473DC /* AppDelegate.swift */; };
		B442F0B721540D2B002473DC /* ViewController.swift in Sources */ = {isa = PBXBuildFile; fileRef = B442F0B621540D2B002473DC /* ViewController.swift */; };
		B442F0BA21540D2B002473DC /* Main.storyboard in Resources */ = {isa = PBXBuildFile; fileRef = B442F0B821540D2B002473DC /* Main.storyboard */; };
		B442F0BD21540D2B002473DC /* Belt_Exam.xcdatamodeld in Sources */ = {isa = PBXBuildFile; fileRef = B442F0BB21540D2B002473DC /* Belt_Exam.xcdatamodeld */; };
		B442F0BF21540D2C002473DC /* Assets.xcassets in Resources */ = {isa = PBXBuildFile; fileRef = B442F0BE21540D2C002473DC /* Assets.xcassets */; };
		B442F0C221540D2C002473DC /* LaunchScreen.storyboard in Resources */ = {isa = PBXBuildFile; fileRef = B442F0C021540D2C002473DC /* LaunchScreen.storyboard */; };
/* End PBXBuildFile section */

/* Begin PBXFileReference section */
		B442F0B121540D2B002473DC /* Belt Exam.app */ = {isa = PBXFileReference; explicitFileType = wrapper.application; includeInIndex = 0; path = "Belt Exam.app"; sourceTree = BUILT_PRODUCTS_DIR; };
		B442F0B421540D2B002473DC /* AppDelegate.swift */ = {isa = PBXFileReference; lastKnownFileType = sourcecode.swift; path = AppDelegate.swift; sourceTree = "<group>"; };
		B442F0B621540D2B002473DC /* ViewController.swift */ = {isa = PBXFileReference; lastKnownFileType = sourcecode.swift; path = ViewController.swift; sourceTree = "<group>"; };
		B442F0B921540D2B002473DC /* Base */ = {isa = PBXFileReference; lastKnownFileType = file.storyboard; name = Base; path = Base.lproj/Main.storyboard; sourceTree = "<group>"; };
		B442F0BC21540D2B002473DC /* Belt_Exam.xcdatamodel */ = {isa = PBXFileReference; lastKnownFileType = wrapper.xcdatamodel; path = Belt_Exam.xcdatamodel; sourceTree = "<group>"; };
		B442F0BE21540D2C002473DC /* Assets.xcassets */ = {isa = PBXFileReference; lastKnownFileType = folder.assetcatalog; path = Assets.xcassets; sourceTree = "<group>"; };
		B442F0C121540D2C002473DC /* Base */ = {isa = PBXFileReference; lastKnownFileType = file.storyboard; name = Base; path = Base.lproj/LaunchScreen.storyboard; sourceTree = "<group>"; };
		B442F0C321540D2C002473DC /* Info.plist */ = {isa = PBXFileReference; lastKnownFileType = text.plist.xml; path = Info.plist; sourceTree = "<group>"; };
/* End PBXFileReference section */

/* Begin PBXFrameworksBuildPhase section */
		B442F0AE21540D2B002473DC /* Frameworks */ = {
			isa = PBXFrameworksBuildPhase;
			buildActionMask = 2147483647;
			files = (
			);
			runOnlyForDeploymentPostprocessing = 0;
		};
/* End PBXFrameworksBuildPhase section */

/* Begin PBXGroup section */
		B442F0A821540D2B002473DC = {
			isa = PBXGroup;
			children = (
				B442F0B321540D2B002473DC /* Belt Exam */,
				B442F0B221540D2B002473DC /* Products */,
			);
			sourceTree = "<group>";
		};
		B442F0B221540D2B002473DC /* Products */ = {
			isa = PBXGroup;
			children = (
				B442F0B121540D2B002473DC /* Belt Exam.app */,
			);
			name = Products;
			sourceTree = "<group>";
		};
		B442F0B321540D2B002473DC /* Belt Exam */ = {
			isa = PBXGroup;
			children = (
				B442F0B421540D2B002473DC /* AppDelegate.swift */,
				B442F0B621540D2B002473DC /* ViewController.swift */,
				B442F0B821540D2B002473DC /* Main.storyboard */,
				B442F0BE21540D2C002473DC /* Assets.xcassets */,
				B442F0C021540D2C002473DC /* LaunchScreen.storyboard */,
				B442F0C321540D2C002473DC /* Info.plist */,
				B442F0BB21540D2B002473DC /* Belt_Exam.xcdatamodeld */,
			);
			path = "Belt Exam";
			sourceTree = "<group>";
		};
/* End PBXGroup section */

/* Begin PBXNativeTarget section */
		B442F0B021540D2B002473DC /* Belt Exam */ = {
			isa = PBXNativeTarget;
			buildConfigurationList = B442F0C621540D2C002473DC /* Build configuration list for PBXNativeTarget "Belt Exam" */;
			buildPhases = (
				B442F0AD21540D2B002473DC /* Sources */,
				B442F0AE21540D2B002473DC /* Frameworks */,
				B442F0AF21540D2B002473DC /* Resources */,
			);
			buildRules = (
			);
			dependencies = (
			);
			name = "Belt Exam";
			productName = "Belt Exam";
			productReference = B442F0B121540D2B002473DC /* Belt Exam.app */;
			productType = "com.apple.product-type.application";
		};
/* End PBXNativeTarget section */

/* Begin PBXProject section */
		B442F0A921540D2B002473DC /* Project object */ = {
			isa = PBXProject;
			attributes = {
				LastSwiftUpdateCheck = 1000;
				LastUpgradeCheck = 1000;
				ORGANIZATIONNAME = "Tiange Wang";
				TargetAttributes = {
					B442F0B021540D2B002473DC = {
						CreatedOnToolsVersion = 10.0;
					};
				};
			};
			buildConfigurationList = B442F0AC21540D2B002473DC /* Build configuration list for PBXProject "Belt Exam" */;
			compatibilityVersion = "Xcode 9.3";
			developmentRegion = en;
			hasScannedForEncodings = 0;
			knownRegions = (
				en,
				Base,
			);
			mainGroup = B442F0A821540D2B002473DC;
			productRefGroup = B442F0B221540D2B002473DC /* Products */;
			projectDirPath = "";
			projectRoot = "";
			targets = (
				B442F0B021540D2B002473DC /* Belt Exam */,
			);
		};
/* End PBXProject section */

/* Begin PBXResourcesBuildPhase section */
		B442F0AF21540D2B002473DC /* Resources */ = {
			isa = PBXResourcesBuildPhase;
			buildActionMask = 2147483647;
			files = (
				B442F0C221540D2C002473DC /* LaunchScreen.storyboard in Resources */,
				B442F0BF21540D2C002473DC /* Assets.xcassets in Resources */,
				B442F0BA21540D2B002473DC /* Main.storyboard in Resources */,
			);
			runOnlyForDeploymentPostprocessing = 0;
		};
/* End PBXResourcesBuildPhase section */

/* Begin PBXSourcesBuildPhase section */
		B442F0AD21540D2B002473DC /* Sources */ = {
			isa = PBXSourcesBuildPhase;
			buildActionMask = 2147483647;
			files = (
				B442F0B721540D2B002473DC /* ViewController.swift in Sources */,
				B442F0B521540D2B002473DC /* AppDelegate.swift in Sources */,
				B442F0BD21540D2B002473DC /* Belt_Exam.xcdatamodeld in Sources */,
			);
			runOnlyForDeploymentPostprocessing = 0;
		};
/* End PBXSourcesBuildPhase section */

/* Begin PBXVariantGroup section */
		B442F0B821540D2B002473DC /* Main.storyboard */ = {
			isa = PBXVariantGroup;
			children = (
				B442F0B921540D2B002473DC /* Base */,
			);
			name = Main.storyboard;
			sourceTree = "<group>";
		};
		B442F0C021540D2C002473DC /* LaunchScreen.storyboard */ = {
			isa = PBXVariantGroup;
			children = (
				B442F0C121540D2C002473DC /* Base */,
			);
			name = LaunchScreen.storyboard;
			sourceTree = "<group>";
		};
/* End PBXVariantGroup section */

/* Begin XCBuildConfiguration section */
		B442F0C421540D2C002473DC /* Debug */ = {
			isa = XCBuildConfiguration;
			buildSettings = {
				ALWAYS_SEARCH_USER_PATHS = NO;
				CLANG_ANALYZER_NONNULL = YES;
				CLANG_ANALYZER_NUMBER_OBJECT_CONVERSION = YES_AGGRESSIVE;
				CLANG_CXX_LANGUAGE_STANDARD = "gnu++14";
				CLANG_CXX_LIBRARY = "libc++";
				CLANG_ENABLE_MODULES = YES;
				CLANG_ENABLE_OBJC_ARC = YES;
				CLANG_ENABLE_OBJC_WEAK = YES;
				CLANG_WARN_BLOCK_CAPTURE_AUTORELEASING = YES;
				CLANG_WARN_BOOL_CONVERSION = YES;
				CLANG_WARN_COMMA = YES;
				CLANG_WARN_CONSTANT_CONVERSION = YES;
				CLANG_WARN_DEPRECATED_OBJC_IMPLEMENTATIONS = YES;
				CLANG_WARN_DIRECT_OBJC_ISA_USAGE = YES_ERROR;
				CLANG_WARN_DOCUMENTATION_COMMENTS = YES;
				CLANG_WARN_EMPTY_BODY = YES;
				CLANG_WARN_ENUM_CONVERSION = YES;
				CLANG_WARN_INFINITE_RECURSION = YES;
				CLANG_WARN_INT_CONVERSION = YES;
				CLANG_WARN_NON_LITERAL_NULL_CONVERSION = YES;
				CLANG_WARN_OBJC_IMPLICIT_RETAIN_SELF = YES;
				CLANG_WARN_OBJC_LITERAL_CONVERSION = YES;
				CLANG_WARN_OBJC_ROOT_CLASS = YES_ERROR;
				CLANG_WARN_RANGE_LOOP_ANALYSIS = YES;
				CLANG_WARN_STRICT_PROTOTYPES = YES;
				CLANG_WARN_SUSPICIOUS_MOVE = YES;
				CLANG_WARN_UNGUARDED_AVAILABILITY = YES_AGGRESSIVE;
				CLANG_WARN_UNREACHABLE_CODE = YES;
				CLANG_WARN__DUPLICATE_METHOD_MATCH = YES;
				CODE_SIGN_IDENTITY = "iPhone Developer";
				COPY_PHASE_STRIP = NO;
				DEBUG_INFORMATION_FORMAT = dwarf;
				ENABLE_STRICT_OBJC_MSGSEND = YES;
				ENABLE_TESTABILITY = YES;
				GCC_C_LANGUAGE_STANDARD = gnu11;
				GCC_DYNAMIC_NO_PIC = NO;
				GCC_NO_COMMON_BLOCKS = YES;
				GCC_OPTIMIZATION_LEVEL = 0;
				GCC_PREPROCESSOR_DEFINITIONS = (
					"DEBUG=1",
					"$(inherited)",
				);
				GCC_WARN_64_TO_32_BIT_CONVERSION = YES;
				GCC_WARN_ABOUT_RETURN_TYPE = YES_ERROR;
				GCC_WARN_UNDECLARED_SELECTOR = YES;
				GCC_WARN_UNINITIALIZED_AUTOS = YES_AGGRESSIVE;
				GCC_WARN_UNUSED_FUNCTION = YES;
				GCC_WARN_UNUSED_VARIABLE = YES;
				IPHONEOS_DEPLOYMENT_TARGET = 12.0;
				MTL_ENABLE_DEBUG_INFO = INCLUDE_SOURCE;
				MTL_FAST_MATH = YES;
				ONLY_ACTIVE_ARCH = YES;
				SDKROOT = iphoneos;
				SWIFT_ACTIVE_COMPILATION_CONDITIONS = DEBUG;
				SWIFT_OPTIMIZATION_LEVEL = "-Onone";
			};
			name = Debug;
		};
		B442F0C521540D2C002473DC /* Release */ = {
			isa = XCBuildConfiguration;
			buildSettings = {
				ALWAYS_SEARCH_USER_PATHS = NO;
				CLANG_ANALYZER_NONNULL = YES;
				CLANG_ANALYZER_NUMBER_OBJECT_CONVERSION = YES_AGGRESSIVE;
				CLANG_CXX_LANGUAGE_STANDARD = "gnu++14";
				CLANG_CXX_LIBRARY = "libc++";
				CLANG_ENABLE_MODULES = YES;
				CLANG_ENABLE_OBJC_ARC = YES;
				CLANG_ENABLE_OBJC_WEAK = YES;
				CLANG_WARN_BLOCK_CAPTURE_AUTORELEASING = YES;
				CLANG_WARN_BOOL_CONVERSION = YES;
				CLANG_WARN_COMMA = YES;
				CLANG_WARN_CONSTANT_CONVERSION = YES;
				CLANG_WARN_DEPRECATED_OBJC_IMPLEMENTATIONS = YES;
				CLANG_WARN_DIRECT_OBJC_ISA_USAGE = YES_ERROR;
				CLANG_WARN_DOCUMENTATION_COMMENTS = YES;
				CLANG_WARN_EMPTY_BODY = YES;
				CLANG_WARN_ENUM_CONVERSION = YES;
				CLANG_WARN_INFINITE_RECURSION = YES;
				CLANG_WARN_INT_CONVERSION = YES;
				CLANG_WARN_NON_LITERAL_NULL_CONVERSION = YES;
				CLANG_WARN_OBJC_IMPLICIT_RETAIN_SELF = YES;
				CLANG_WARN_OBJC_LITERAL_CONVERSION = YES;
				CLANG_WARN_OBJC_ROOT_CLASS = YES_ERROR;
				CLANG_WARN_RANGE_LOOP_ANALYSIS = YES;
				CLANG_WARN_STRICT_PROTOTYPES = YES;
				CLANG_WARN_SUSPICIOUS_MOVE = YES;
				CLANG_WARN_UNGUARDED_AVAILABILITY = YES_AGGRESSIVE;
				CLANG_WARN_UNREACHABLE_CODE = YES;
				CLANG_WARN__DUPLICATE_METHOD_MATCH = YES;
				CODE_SIGN_IDENTITY = "iPhone Developer";
				COPY_PHASE_STRIP = NO;
				DEBUG_INFORMATION_FORMAT = "dwarf-with-dsym";
				ENABLE_NS_ASSERTIONS = NO;
				ENABLE_STRICT_OBJC_MSGSEND = YES;
				GCC_C_LANGUAGE_STANDARD = gnu11;
				GCC_NO_COMMON_BLOCKS = YES;
				GCC_WARN_64_TO_32_BIT_CONVERSION = YES;
				GCC_WARN_ABOUT_RETURN_TYPE = YES_ERROR;
				GCC_WARN_UNDECLARED_SELECTOR = YES;
				GCC_WARN_UNINITIALIZED_AUTOS = YES_AGGRESSIVE;
				GCC_WARN_UNUSED_FUNCTION = YES;
				GCC_WARN_UNUSED_VARIABLE = YES;
				IPHONEOS_DEPLOYMENT_TARGET = 12.0;
				MTL_ENABLE_DEBUG_INFO = NO;
				MTL_FAST_MATH = YES;
				SDKROOT = iphoneos;
				SWIFT_COMPILATION_MODE = wholemodule;
				SWIFT_OPTIMIZATION_LEVEL = "-O";
				VALIDATE_PRODUCT = YES;
			};
			name = Release;
		};
		B442F0C721540D2C002473DC /* Debug */ = {
			isa = XCBuildConfiguration;
			buildSettings = {
				ASSETCATALOG_COMPILER_APPICON_NAME = AppIcon;
				CODE_SIGN_STYLE = Automatic;
				DEVELOPMENT_TEAM = WZ8QNW4HNE;
				INFOPLIST_FILE = "Belt Exam/Info.plist";
				LD_RUNPATH_SEARCH_PATHS = (
					"$(inherited)",
					"@executable_path/Frameworks",
				);
				PRODUCT_BUNDLE_IDENTIFIER = "Tiange-Wang.Belt-Exam";
				PRODUCT_NAME = "$(TARGET_NAME)";
				SWIFT_VERSION = 4.2;
				TARGETED_DEVICE_FAMILY = "1,2";
			};
			name = Debug;
		};
		B442F0C821540D2C002473DC /* Release */ = {
			isa = XCBuildConfiguration;
			buildSettings = {
				ASSETCATALOG_COMPILER_APPICON_NAME = AppIcon;
				CODE_SIGN_STYLE = Automatic;
				DEVELOPMENT_TEAM = WZ8QNW4HNE;
				INFOPLIST_FILE = "Belt Exam/Info.plist";
				LD_RUNPATH_SEARCH_PATHS = (
					"$(inherited)",
					"@executable_path/Frameworks",
				);
				PRODUCT_BUNDLE_IDENTIFIER = "Tiange-Wang.Belt-Exam";
				PRODUCT_NAME = "$(TARGET_NAME)";
				SWIFT_VERSION = 4.2;
				TARGETED_DEVICE_FAMILY = "1,2";
			};
			name = Release;
		};
/* End XCBuildConfiguration section */

/* Begin XCConfigurationList section */
		B442F0AC21540D2B002473DC /* Build configuration list for PBXProject "Belt Exam" */ = {
			isa = XCConfigurationList;
			buildConfigurations = (
				B442F0C421540D2C002473DC /* Debug */,
				B442F0C521540D2C002473DC /* Release */,
			);
			defaultConfigurationIsVisible = 0;
			defaultConfigurationName = Release;
		};
		B442F0C621540D2C002473DC /* Build configuration list for PBXNativeTarget "Belt Exam" */ = {
			isa = XCConfigurationList;
			buildConfigurations = (
				B442F0C721540D2C002473DC /* Debug */,
				B442F0C821540D2C002473DC /* Release */,
			);
			defaultConfigurationIsVisible = 0;
			defaultConfigurationName = Release;
		};
/* End XCConfigurationList section */

/* Begin XCVersionGroup section */
		B442F0BB21540D2B002473DC /* Belt_Exam.xcdatamodeld */ = {
			isa = XCVersionGroup;
			children = (
				B442F0BC21540D2B002473DC /* Belt_Exam.xcdatamodel */,
			);
			currentVersion = B442F0BC21540D2B002473DC /* Belt_Exam.xcdatamodel */;
			path = Belt_Exam.xcdatamodeld;
			sourceTree = "<group>";
			versionGroupType = wrapper.xcdatamodel;
		};
/* End XCVersionGroup section */
	};
	rootObject = B442F0A921540D2B002473DC /* Project object */;
}
